// !$*UTF8*$!
{
	archiveVersion = 1;
	classes = {
	};
	objectVersion = 46;
	objects = {

/* Begin PBXBuildFile section */
		222552321F623CFC008C7CD7 /* person.cpp in Sources */ = {isa = PBXBuildFile; fileRef = 222552311F623CFC008C7CD7 /* person.cpp */; };
		222B15AF1F5FD5EC00558B44 /* martain.cpp in Sources */ = {isa = PBXBuildFile; fileRef = 222B15AE1F5FD5EC00558B44 /* martain.cpp */; };
		223F9E161F5BA3A3001B288C /* func.c in Sources */ = {isa = PBXBuildFile; fileRef = 223F9E141F5BA3A3001B288C /* func.c */; };
		2267EA781F5E34C7008B9C50 /* car.cpp in Sources */ = {isa = PBXBuildFile; fileRef = 2267EA771F5E34C7008B9C50 /* car.cpp */; };
		2271FA611F612F2E00F7D3E5 /* student1.cpp in Sources */ = {isa = PBXBuildFile; fileRef = 2271FA601F612F2E00F7D3E5 /* student1.cpp */; };
		22CFD71F1F5964D200C9A348 /* main.cpp in Sources */ = {isa = PBXBuildFile; fileRef = 22CFD71E1F5964D200C9A348 /* main.cpp */; };
		22E75DF81F5E6E7A001DACD2 /* student.cpp in Sources */ = {isa = PBXBuildFile; fileRef = 22E75DF71F5E6E7A001DACD2 /* student.cpp */; };
/* End PBXBuildFile section */

/* Begin PBXCopyFilesBuildPhase section */
		22CFD7191F5964D200C9A348 /* CopyFiles */ = {
			isa = PBXCopyFilesBuildPhase;
			buildActionMask = 2147483647;
			dstPath = /usr/share/man/man1/;
			dstSubfolderSpec = 0;
			files = (
			);
			runOnlyForDeploymentPostprocessing = 1;
		};
/* End PBXCopyFilesBuildPhase section */

/* Begin PBXFileReference section */
		222552301F623CEB008C7CD7 /* person.h */ = {isa = PBXFileReference; lastKnownFileType = sourcecode.c.h; path = person.h; sourceTree = "<group>"; };
		222552311F623CFC008C7CD7 /* person.cpp */ = {isa = PBXFileReference; fileEncoding = 4; lastKnownFileType = sourcecode.cpp.cpp; path = person.cpp; sourceTree = "<group>"; };
		222B15AD1F5FD5DB00558B44 /* martain.h */ = {isa = PBXFileReference; lastKnownFileType = sourcecode.c.h; path = martain.h; sourceTree = "<group>"; };
		222B15AE1F5FD5EC00558B44 /* martain.cpp */ = {isa = PBXFileReference; fileEncoding = 4; lastKnownFileType = sourcecode.cpp.cpp; path = martain.cpp; sourceTree = "<group>"; };
		223F9E141F5BA3A3001B288C /* func.c */ = {isa = PBXFileReference; fileEncoding = 4; lastKnownFileType = sourcecode.c.c; path = func.c; sourceTree = "<group>"; };
		223F9E151F5BA3A3001B288C /* func.h */ = {isa = PBXFileReference; fileEncoding = 4; lastKnownFileType = sourcecode.c.h; path = func.h; sourceTree = "<group>"; };
		2267EA711F5E3474008B9C50 /* car.h */ = {isa = PBXFileReference; lastKnownFileType = sourcecode.c.h; path = car.h; sourceTree = "<group>"; };
		2267EA771F5E34C7008B9C50 /* car.cpp */ = {isa = PBXFileReference; fileEncoding = 4; lastKnownFileType = sourcecode.cpp.cpp; path = car.cpp; sourceTree = "<group>"; };
		2271FA5F1F612F1D00F7D3E5 /* student1.h */ = {isa = PBXFileReference; lastKnownFileType = sourcecode.c.h; path = student1.h; sourceTree = "<group>"; };
		2271FA601F612F2E00F7D3E5 /* student1.cpp */ = {isa = PBXFileReference; fileEncoding = 4; lastKnownFileType = sourcecode.cpp.cpp; path = student1.cpp; sourceTree = "<group>"; };
		22CFD71B1F5964D200C9A348 /* chap1_2namespace */ = {isa = PBXFileReference; explicitFileType = "compiled.mach-o.executable"; includeInIndex = 0; path = chap1_2namespace; sourceTree = BUILT_PRODUCTS_DIR; };
		22CFD71E1F5964D200C9A348 /* main.cpp */ = {isa = PBXFileReference; lastKnownFileType = sourcecode.cpp.cpp; path = main.cpp; sourceTree = "<group>"; };
		22E75DF61F5E6E69001DACD2 /* student.h */ = {isa = PBXFileReference; lastKnownFileType = sourcecode.c.h; path = student.h; sourceTree = "<group>"; };
		22E75DF71F5E6E7A001DACD2 /* student.cpp */ = {isa = PBXFileReference; fileEncoding = 4; lastKnownFileType = sourcecode.cpp.cpp; path = student.cpp; sourceTree = "<group>"; };
/* End PBXFileReference section */

/* Begin PBXFrameworksBuildPhase section */
		22CFD7181F5964D200C9A348 /* Frameworks */ = {
			isa = PBXFrameworksBuildPhase;
			buildActionMask = 2147483647;
			files = (
			);
			runOnlyForDeploymentPostprocessing = 0;
		};
/* End PBXFrameworksBuildPhase section */

/* Begin PBXGroup section */
		22CFD7121F5964D200C9A348 = {
			isa = PBXGroup;
			children = (
				22CFD71D1F5964D200C9A348 /* chap1_2namespace */,
				22CFD71C1F5964D200C9A348 /* Products */,
			);
			sourceTree = "<group>";
		};
		22CFD71C1F5964D200C9A348 /* Products */ = {
			isa = PBXGroup;
			children = (
				22CFD71B1F5964D200C9A348 /* chap1_2namespace */,
			);
			name = Products;
			sourceTree = "<group>";
		};
		22CFD71D1F5964D200C9A348 /* chap1_2namespace */ = {
			isa = PBXGroup;
			children = (
				22CFD71E1F5964D200C9A348 /* main.cpp */,
				222552301F623CEB008C7CD7 /* person.h */,
				222552311F623CFC008C7CD7 /* person.cpp */,
				222B15AD1F5FD5DB00558B44 /* martain.h */,
				222B15AE1F5FD5EC00558B44 /* martain.cpp */,
				22E75DF61F5E6E69001DACD2 /* student.h */,
				22E75DF71F5E6E7A001DACD2 /* student.cpp */,
				2271FA5F1F612F1D00F7D3E5 /* student1.h */,
				2271FA601F612F2E00F7D3E5 /* student1.cpp */,
				223F9E141F5BA3A3001B288C /* func.c */,
				223F9E151F5BA3A3001B288C /* func.h */,
				2267EA711F5E3474008B9C50 /* car.h */,
				2267EA771F5E34C7008B9C50 /* car.cpp */,
			);
			path = chap1_2namespace;
			sourceTree = "<group>";
		};
/* End PBXGroup section */

/* Begin PBXNativeTarget section */
		22CFD71A1F5964D200C9A348 /* chap1_2namespace */ = {
			isa = PBXNativeTarget;
			buildConfigurationList = 22CFD7221F5964D200C9A348 /* Build configuration list for PBXNativeTarget "chap1_2namespace" */;
			buildPhases = (
				22CFD7171F5964D200C9A348 /* Sources */,
				22CFD7181F5964D200C9A348 /* Frameworks */,
				22CFD7191F5964D200C9A348 /* CopyFiles */,
			);
			buildRules = (
			);
			dependencies = (
			);
			name = chap1_2namespace;
			productName = chap1_2namespace;
			productReference = 22CFD71B1F5964D200C9A348 /* chap1_2namespace */;
			productType = "com.apple.product-type.tool";
		};
/* End PBXNativeTarget section */

/* Begin PBXProject section */
		22CFD7131F5964D200C9A348 /* Project object */ = {
			isa = PBXProject;
			attributes = {
				LastUpgradeCheck = 0830;
				ORGANIZATIONNAME = bean;
				TargetAttributes = {
					22CFD71A1F5964D200C9A348 = {
						CreatedOnToolsVersion = 8.3.3;
						ProvisioningStyle = Automatic;
					};
				};
			};
			buildConfigurationList = 22CFD7161F5964D200C9A348 /* Build configuration list for PBXProject "chap1_2namespace" */;
			compatibilityVersion = "Xcode 3.2";
			developmentRegion = English;
			hasScannedForEncodings = 0;
			knownRegions = (
				en,
			);
			mainGroup = 22CFD7121F5964D200C9A348;
			productRefGroup = 22CFD71C1F5964D200C9A348 /* Products */;
			projectDirPath = "";
			projectRoot = "";
			targets = (
				22CFD71A1F5964D200C9A348 /* chap1_2namespace */,
			);
		};
/* End PBXProject section */

/* Begin PBXSourcesBuildPhase section */
		22CFD7171F5964D200C9A348 /* Sources */ = {
			isa = PBXSourcesBuildPhase;
			buildActionMask = 2147483647;
			files = (
				2267EA781F5E34C7008B9C50 /* car.cpp in Sources */,
				22CFD71F1F5964D200C9A348 /* main.cpp in Sources */,
				223F9E161F5BA3A3001B288C /* func.c in Sources */,
				2271FA611F612F2E00F7D3E5 /* student1.cpp in Sources */,
				22E75DF81F5E6E7A001DACD2 /* student.cpp in Sources */,
				222552321F623CFC008C7CD7 /* person.cpp in Sources */,
				222B15AF1F5FD5EC00558B44 /* martain.cpp in Sources */,
			);
			runOnlyForDeploymentPostprocessing = 0;
		};
/* End PBXSourcesBuildPhase section */

/* Begin XCBuildConfiguration section */
		22CFD7201F5964D200C9A348 /* Debug */ = {
			isa = XCBuildConfiguration;
			buildSettings = {
				ALWAYS_SEARCH_USER_PATHS = NO;
				CLANG_ANALYZER_NONNULL = YES;
				CLANG_ANALYZER_NUMBER_OBJECT_CONVERSION = YES_AGGRESSIVE;
				CLANG_CXX_LANGUAGE_STANDARD = "gnu++0x";
				CLANG_CXX_LIBRARY = "libc++";
				CLANG_ENABLE_MODULES = YES;
				CLANG_ENABLE_OBJC_ARC = YES;
				CLANG_WARN_BOOL_CONVERSION = YES;
				CLANG_WARN_CONSTANT_CONVERSION = YES;
				CLANG_WARN_DIRECT_OBJC_ISA_USAGE = YES_ERROR;
				CLANG_WARN_DOCUMENTATION_COMMENTS = YES;
				CLANG_WARN_EMPTY_BODY = YES;
				CLANG_WARN_ENUM_CONVERSION = YES;
				CLANG_WARN_INFINITE_RECURSION = YES;
				CLANG_WARN_INT_CONVERSION = YES;
				CLANG_WARN_OBJC_ROOT_CLASS = YES_ERROR;
				CLANG_WARN_SUSPICIOUS_MOVE = YES;
				CLANG_WARN_UNREACHABLE_CODE = YES;
				CLANG_WARN__DUPLICATE_METHOD_MATCH = YES;
				CODE_SIGN_IDENTITY = "-";
				COPY_PHASE_STRIP = NO;
				DEBUG_INFORMATION_FORMAT = dwarf;
				ENABLE_STRICT_OBJC_MSGSEND = YES;
				ENABLE_TESTABILITY = YES;
				GCC_C_LANGUAGE_STANDARD = gnu99;
				GCC_DYNAMIC_NO_PIC = NO;
				GCC_NO_COMMON_BLOCKS = YES;
				GCC_OPTIMIZATION_LEVEL = 0;
				GCC_PREPROCESSOR_DEFINITIONS = (
					"DEBUG=1",
					"$(inherited)",
				);
				GCC_WARN_64_TO_32_BIT_CONVERSION = YES;
				GCC_WARN_ABOUT_RETURN_TYPE = YES_ERROR;
				GCC_WARN_UNDECLARED_SELECTOR = YES;
				GCC_WARN_UNINITIALIZED_AUTOS = YES_AGGRESSIVE;
				GCC_WARN_UNUSED_FUNCTION = YES;
				GCC_WARN_UNUSED_VARIABLE = YES;
				MACOSX_DEPLOYMENT_TARGET = 10.12;
				MTL_ENABLE_DEBUG_INFO = YES;
				ONLY_ACTIVE_ARCH = YES;
				SDKROOT = macosx;
			};
			name = Debug;
		};
		22CFD7211F5964D200C9A348 /* Release */ = {
			isa = XCBuildConfiguration;
			buildSettings = {
				ALWAYS_SEARCH_USER_PATHS = NO;
				CLANG_ANALYZER_NONNULL = YES;
				CLANG_ANALYZER_NUMBER_OBJECT_CONVERSION = YES_AGGRESSIVE;
				CLANG_CXX_LANGUAGE_STANDARD = "gnu++0x";
				CLANG_CXX_LIBRARY = "libc++";
				CLANG_ENABLE_MODULES = YES;
				CLANG_ENABLE_OBJC_ARC = YES;
				CLANG_WARN_BOOL_CONVERSION = YES;
				CLANG_WARN_CONSTANT_CONVERSION = YES;
				CLANG_WARN_DIRECT_OBJC_ISA_USAGE = YES_ERROR;
				CLANG_WARN_DOCUMENTATION_COMMENTS = YES;
				CLANG_WARN_EMPTY_BODY = YES;
				CLANG_WARN_ENUM_CONVERSION = YES;
				CLANG_WARN_INFINITE_RECURSION = YES;
				CLANG_WARN_INT_CONVERSION = YES;
				CLANG_WARN_OBJC_ROOT_CLASS = YES_ERROR;
				CLANG_WARN_SUSPICIOUS_MOVE = YES;
				CLANG_WARN_UNREACHABLE_CODE = YES;
				CLANG_WARN__DUPLICATE_METHOD_MATCH = YES;
				CODE_SIGN_IDENTITY = "-";
				COPY_PHASE_STRIP = NO;
				DEBUG_INFORMATION_FORMAT = "dwarf-with-dsym";
				ENABLE_NS_ASSERTIONS = NO;
				ENABLE_STRICT_OBJC_MSGSEND = YES;
				GCC_C_LANGUAGE_STANDARD = gnu99;
				GCC_NO_COMMON_BLOCKS = YES;
				GCC_WARN_64_TO_32_BIT_CONVERSION = YES;
				GCC_WARN_ABOUT_RETURN_TYPE = YES_ERROR;
				GCC_WARN_UNDECLARED_SELECTOR = YES;
				GCC_WARN_UNINITIALIZED_AUTOS = YES_AGGRESSIVE;
				GCC_WARN_UNUSED_FUNCTION = YES;
				GCC_WARN_UNUSED_VARIABLE = YES;
				MACOSX_DEPLOYMENT_TARGET = 10.12;
				MTL_ENABLE_DEBUG_INFO = NO;
				SDKROOT = macosx;
			};
			name = Release;
		};
		22CFD7231F5964D200C9A348 /* Debug */ = {
			isa = XCBuildConfiguration;
			buildSettings = {
				PRODUCT_NAME = "$(TARGET_NAME)";
			};
			name = Debug;
		};
		22CFD7241F5964D200C9A348 /* Release */ = {
			isa = XCBuildConfiguration;
			buildSettings = {
				PRODUCT_NAME = "$(TARGET_NAME)";
			};
			name = Release;
		};
/* End XCBuildConfiguration section */

/* Begin XCConfigurationList section */
		22CFD7161F5964D200C9A348 /* Build configuration list for PBXProject "chap1_2namespace" */ = {
			isa = XCConfigurationList;
			buildConfigurations = (
				22CFD7201F5964D200C9A348 /* Debug */,
				22CFD7211F5964D200C9A348 /* Release */,
			);
			defaultConfigurationIsVisible = 0;
			defaultConfigurationName = Release;
		};
		22CFD7221F5964D200C9A348 /* Build configuration list for PBXNativeTarget "chap1_2namespace" */ = {
			isa = XCConfigurationList;
			buildConfigurations = (
				22CFD7231F5964D200C9A348 /* Debug */,
				22CFD7241F5964D200C9A348 /* Release */,
			);
			defaultConfigurationIsVisible = 0;
			defaultConfigurationName = Release;
		};
/* End XCConfigurationList section */
	};
	rootObject = 22CFD7131F5964D200C9A348 /* Project object */;
}
